// !$*UTF8*$!
{
	archiveVersion = 1;
	classes = {
	};
	objectVersion = 50;
	objects = {

/* Begin PBXBuildFile section */
		91022FB92112761F00B5B64F /* StartNewGameController.swift in Sources */ = {isa = PBXBuildFile; fileRef = 91022FB82112761F00B5B64F /* StartNewGameController.swift */; };
		9125B91A2118B39D00E767D2 /* OldGameTableViewCell.swift in Sources */ = {isa = PBXBuildFile; fileRef = 9125B9192118B39D00E767D2 /* OldGameTableViewCell.swift */; };
		9125B91D2118BC2B00E767D2 /* Date+convertToString.swift in Sources */ = {isa = PBXBuildFile; fileRef = 9125B91C2118BC2B00E767D2 /* Date+convertToString.swift */; };
		914ADC6721094CE7004A47AA /* MainGameController.swift in Sources */ = {isa = PBXBuildFile; fileRef = 914ADC6621094CE7004A47AA /* MainGameController.swift */; };
		915DE3302118F0A600705189 /* OldGameInfo.swift in Sources */ = {isa = PBXBuildFile; fileRef = 915DE32F2118F0A600705189 /* OldGameInfo.swift */; };
		915DE33421190A5F00705189 /* OldGameInfoTableViewCell.swift in Sources */ = {isa = PBXBuildFile; fileRef = 915DE33321190A5F00705189 /* OldGameInfoTableViewCell.swift */; };
		915DE336211A49CD00705189 /* PlayerGroupsTableViewController.swift in Sources */ = {isa = PBXBuildFile; fileRef = 915DE335211A49CD00705189 /* PlayerGroupsTableViewController.swift */; };
		915DE338211A5F3A00705189 /* PlayerGroupTableViewCell.swift in Sources */ = {isa = PBXBuildFile; fileRef = 915DE337211A5F3A00705189 /* PlayerGroupTableViewCell.swift */; };
		915DE33A211DF47F00705189 /* SegueTransition.swift in Sources */ = {isa = PBXBuildFile; fileRef = 915DE339211DF47F00705189 /* SegueTransition.swift */; };
		915DE33C211DF89D00705189 /* RightSegue.swift in Sources */ = {isa = PBXBuildFile; fileRef = 915DE33B211DF89D00705189 /* RightSegue.swift */; };
		9161C9CF21065B5200858FD8 /* AppDelegate.swift in Sources */ = {isa = PBXBuildFile; fileRef = 9161C9CE21065B5200858FD8 /* AppDelegate.swift */; };
		9161C9D121065B5200858FD8 /* ViewController.swift in Sources */ = {isa = PBXBuildFile; fileRef = 9161C9D021065B5200858FD8 /* ViewController.swift */; };
		9161C9D421065B5200858FD8 /* Main.storyboard in Resources */ = {isa = PBXBuildFile; fileRef = 9161C9D221065B5200858FD8 /* Main.storyboard */; };
		9161C9D721065B5200858FD8 /* ScoreKeeper.xcdatamodeld in Sources */ = {isa = PBXBuildFile; fileRef = 9161C9D521065B5200858FD8 /* ScoreKeeper.xcdatamodeld */; };
		9161C9D921065B5600858FD8 /* Assets.xcassets in Resources */ = {isa = PBXBuildFile; fileRef = 9161C9D821065B5600858FD8 /* Assets.xcassets */; };
		9161C9DC21065B5600858FD8 /* LaunchScreen.storyboard in Resources */ = {isa = PBXBuildFile; fileRef = 9161C9DA21065B5600858FD8 /* LaunchScreen.storyboard */; };
		917083EF210A84E50083870D /* TableViewCell.swift in Sources */ = {isa = PBXBuildFile; fileRef = 917083EE210A84E50083870D /* TableViewCell.swift */; };
		917902A02114C5C3003B65AE /* CoreDataHelper.swift in Sources */ = {isa = PBXBuildFile; fileRef = 9179029F2114C5C3003B65AE /* CoreDataHelper.swift */; };
		91D3AF02210F80330082A328 /* EndOfGameViewController.swift in Sources */ = {isa = PBXBuildFile; fileRef = 91D3AF01210F80330082A328 /* EndOfGameViewController.swift */; };
		91E2FD8F2114FEA700572462 /* OldGameTableViewController.swift in Sources */ = {isa = PBXBuildFile; fileRef = 91E2FD8E2114FEA700572462 /* OldGameTableViewController.swift */; };
/* End PBXBuildFile section */

/* Begin PBXFileReference section */
		91022FB82112761F00B5B64F /* StartNewGameController.swift */ = {isa = PBXFileReference; lastKnownFileType = sourcecode.swift; name = StartNewGameController.swift; path = ScoreKeeper/Controllers/StartNewGameController.swift; sourceTree = SOURCE_ROOT; };
		9125B9192118B39D00E767D2 /* OldGameTableViewCell.swift */ = {isa = PBXFileReference; lastKnownFileType = sourcecode.swift; path = OldGameTableViewCell.swift; sourceTree = "<group>"; };
		9125B91C2118BC2B00E767D2 /* Date+convertToString.swift */ = {isa = PBXFileReference; lastKnownFileType = sourcecode.swift; path = "Date+convertToString.swift"; sourceTree = "<group>"; };
		914ADC6621094CE7004A47AA /* MainGameController.swift */ = {isa = PBXFileReference; lastKnownFileType = sourcecode.swift; path = MainGameController.swift; sourceTree = "<group>"; };
		915DE32F2118F0A600705189 /* OldGameInfo.swift */ = {isa = PBXFileReference; lastKnownFileType = sourcecode.swift; path = OldGameInfo.swift; sourceTree = "<group>"; };
		915DE33321190A5F00705189 /* OldGameInfoTableViewCell.swift */ = {isa = PBXFileReference; lastKnownFileType = sourcecode.swift; path = OldGameInfoTableViewCell.swift; sourceTree = "<group>"; };
		915DE335211A49CD00705189 /* PlayerGroupsTableViewController.swift */ = {isa = PBXFileReference; lastKnownFileType = sourcecode.swift; path = PlayerGroupsTableViewController.swift; sourceTree = "<group>"; };
		915DE337211A5F3A00705189 /* PlayerGroupTableViewCell.swift */ = {isa = PBXFileReference; lastKnownFileType = sourcecode.swift; path = PlayerGroupTableViewCell.swift; sourceTree = "<group>"; };
		915DE339211DF47F00705189 /* SegueTransition.swift */ = {isa = PBXFileReference; lastKnownFileType = sourcecode.swift; path = SegueTransition.swift; sourceTree = "<group>"; };
		915DE33B211DF89D00705189 /* RightSegue.swift */ = {isa = PBXFileReference; lastKnownFileType = sourcecode.swift; path = RightSegue.swift; sourceTree = "<group>"; };
		9161C9CB21065B5200858FD8 /* ScoreKeeper.app */ = {isa = PBXFileReference; explicitFileType = wrapper.application; includeInIndex = 0; path = ScoreKeeper.app; sourceTree = BUILT_PRODUCTS_DIR; };
		9161C9CE21065B5200858FD8 /* AppDelegate.swift */ = {isa = PBXFileReference; lastKnownFileType = sourcecode.swift; path = AppDelegate.swift; sourceTree = "<group>"; };
		9161C9D021065B5200858FD8 /* ViewController.swift */ = {isa = PBXFileReference; lastKnownFileType = sourcecode.swift; path = ViewController.swift; sourceTree = "<group>"; };
		9161C9D321065B5200858FD8 /* Base */ = {isa = PBXFileReference; lastKnownFileType = file.storyboard; name = Base; path = Base.lproj/Main.storyboard; sourceTree = "<group>"; };
		9161C9D621065B5200858FD8 /* ScoreKeeper.xcdatamodel */ = {isa = PBXFileReference; lastKnownFileType = wrapper.xcdatamodel; path = ScoreKeeper.xcdatamodel; sourceTree = "<group>"; };
		9161C9D821065B5600858FD8 /* Assets.xcassets */ = {isa = PBXFileReference; lastKnownFileType = folder.assetcatalog; path = Assets.xcassets; sourceTree = "<group>"; };
		9161C9DB21065B5600858FD8 /* Base */ = {isa = PBXFileReference; lastKnownFileType = file.storyboard; name = Base; path = Base.lproj/LaunchScreen.storyboard; sourceTree = "<group>"; };
		9161C9DD21065B5600858FD8 /* Info.plist */ = {isa = PBXFileReference; lastKnownFileType = text.plist.xml; path = Info.plist; sourceTree = "<group>"; };
		917083EE210A84E50083870D /* TableViewCell.swift */ = {isa = PBXFileReference; lastKnownFileType = sourcecode.swift; path = TableViewCell.swift; sourceTree = "<group>"; };
		9179029F2114C5C3003B65AE /* CoreDataHelper.swift */ = {isa = PBXFileReference; lastKnownFileType = sourcecode.swift; path = CoreDataHelper.swift; sourceTree = "<group>"; };
		91D3AF01210F80330082A328 /* EndOfGameViewController.swift */ = {isa = PBXFileReference; lastKnownFileType = sourcecode.swift; path = EndOfGameViewController.swift; sourceTree = "<group>"; };
		91E2FD8E2114FEA700572462 /* OldGameTableViewController.swift */ = {isa = PBXFileReference; lastKnownFileType = sourcecode.swift; path = OldGameTableViewController.swift; sourceTree = "<group>"; };
/* End PBXFileReference section */

/* Begin PBXFrameworksBuildPhase section */
		9161C9C821065B5200858FD8 /* Frameworks */ = {
			isa = PBXFrameworksBuildPhase;
			buildActionMask = 2147483647;
			files = (
			);
			runOnlyForDeploymentPostprocessing = 0;
		};
/* End PBXFrameworksBuildPhase section */

/* Begin PBXGroup section */
		9125B91B2118BC0B00E767D2 /* Extensions */ = {
			isa = PBXGroup;
			children = (
				9125B91C2118BC2B00E767D2 /* Date+convertToString.swift */,
				915DE339211DF47F00705189 /* SegueTransition.swift */,
				915DE33B211DF89D00705189 /* RightSegue.swift */,
			);
			path = Extensions;
			sourceTree = "<group>";
		};
		9161C9C221065B5200858FD8 = {
			isa = PBXGroup;
			children = (
				9161C9CD21065B5200858FD8 /* ScoreKeeper */,
				9161C9CC21065B5200858FD8 /* Products */,
			);
			sourceTree = "<group>";
		};
		9161C9CC21065B5200858FD8 /* Products */ = {
			isa = PBXGroup;
			children = (
				9161C9CB21065B5200858FD8 /* ScoreKeeper.app */,
			);
			name = Products;
			sourceTree = "<group>";
		};
		9161C9CD21065B5200858FD8 /* ScoreKeeper */ = {
			isa = PBXGroup;
			children = (
				9125B91B2118BC0B00E767D2 /* Extensions */,
				9179029E2114C5B4003B65AE /* Helpers */,
				917902A12114C5CE003B65AE /* Controllers */,
				9161C9CE21065B5200858FD8 /* AppDelegate.swift */,
				917083EE210A84E50083870D /* TableViewCell.swift */,
				9125B9192118B39D00E767D2 /* OldGameTableViewCell.swift */,
				915DE33321190A5F00705189 /* OldGameInfoTableViewCell.swift */,
				9161C9D221065B5200858FD8 /* Main.storyboard */,
				9161C9D821065B5600858FD8 /* Assets.xcassets */,
				9161C9DA21065B5600858FD8 /* LaunchScreen.storyboard */,
				9161C9DD21065B5600858FD8 /* Info.plist */,
				9161C9D521065B5200858FD8 /* ScoreKeeper.xcdatamodeld */,
			);
			path = ScoreKeeper;
			sourceTree = "<group>";
		};
		9179029E2114C5B4003B65AE /* Helpers */ = {
			isa = PBXGroup;
			children = (
				9179029F2114C5C3003B65AE /* CoreDataHelper.swift */,
			);
			path = Helpers;
			sourceTree = "<group>";
		};
		917902A12114C5CE003B65AE /* Controllers */ = {
			isa = PBXGroup;
			children = (
				91022FB82112761F00B5B64F /* StartNewGameController.swift */,
				9161C9D021065B5200858FD8 /* ViewController.swift */,
				914ADC6621094CE7004A47AA /* MainGameController.swift */,
				91D3AF01210F80330082A328 /* EndOfGameViewController.swift */,
				91E2FD8E2114FEA700572462 /* OldGameTableViewController.swift */,
				915DE335211A49CD00705189 /* PlayerGroupsTableViewController.swift */,
				915DE337211A5F3A00705189 /* PlayerGroupTableViewCell.swift */,
				915DE32F2118F0A600705189 /* OldGameInfo.swift */,
			);
			path = Controllers;
			sourceTree = "<group>";
		};
/* End PBXGroup section */

/* Begin PBXNativeTarget section */
		9161C9CA21065B5200858FD8 /* ScoreKeeper */ = {
			isa = PBXNativeTarget;
			buildConfigurationList = 9161C9E021065B5600858FD8 /* Build configuration list for PBXNativeTarget "ScoreKeeper" */;
			buildPhases = (
				9161C9C721065B5200858FD8 /* Sources */,
				9161C9C821065B5200858FD8 /* Frameworks */,
				9161C9C921065B5200858FD8 /* Resources */,
			);
			buildRules = (
			);
			dependencies = (
			);
			name = ScoreKeeper;
			productName = ScoreKeeper;
			productReference = 9161C9CB21065B5200858FD8 /* ScoreKeeper.app */;
			productType = "com.apple.product-type.application";
		};
/* End PBXNativeTarget section */

/* Begin PBXProject section */
		9161C9C321065B5200858FD8 /* Project object */ = {
			isa = PBXProject;
			attributes = {
				LastSwiftUpdateCheck = 0940;
				LastUpgradeCheck = 0940;
				ORGANIZATIONNAME = Alizandro;
				TargetAttributes = {
					9161C9CA21065B5200858FD8 = {
						CreatedOnToolsVersion = 9.4.1;
					};
				};
			};
			buildConfigurationList = 9161C9C621065B5200858FD8 /* Build configuration list for PBXProject "ScoreKeeper" */;
			compatibilityVersion = "Xcode 9.3";
			developmentRegion = en;
			hasScannedForEncodings = 0;
			knownRegions = (
				en,
				Base,
			);
			mainGroup = 9161C9C221065B5200858FD8;
			productRefGroup = 9161C9CC21065B5200858FD8 /* Products */;
			projectDirPath = "";
			projectRoot = "";
			targets = (
				9161C9CA21065B5200858FD8 /* ScoreKeeper */,
			);
		};
/* End PBXProject section */

/* Begin PBXResourcesBuildPhase section */
		9161C9C921065B5200858FD8 /* Resources */ = {
			isa = PBXResourcesBuildPhase;
			buildActionMask = 2147483647;
			files = (
				9161C9DC21065B5600858FD8 /* LaunchScreen.storyboard in Resources */,
				9161C9D921065B5600858FD8 /* Assets.xcassets in Resources */,
				9161C9D421065B5200858FD8 /* Main.storyboard in Resources */,
			);
			runOnlyForDeploymentPostprocessing = 0;
		};
/* End PBXResourcesBuildPhase section */

/* Begin PBXSourcesBuildPhase section */
		9161C9C721065B5200858FD8 /* Sources */ = {
			isa = PBXSourcesBuildPhase;
			buildActionMask = 2147483647;
			files = (
				917902A02114C5C3003B65AE /* CoreDataHelper.swift in Sources */,
				915DE33421190A5F00705189 /* OldGameInfoTableViewCell.swift in Sources */,
				915DE3302118F0A600705189 /* OldGameInfo.swift in Sources */,
				91E2FD8F2114FEA700572462 /* OldGameTableViewController.swift in Sources */,
				915DE33A211DF47F00705189 /* SegueTransition.swift in Sources */,
				915DE338211A5F3A00705189 /* PlayerGroupTableViewCell.swift in Sources */,
				9161C9D121065B5200858FD8 /* ViewController.swift in Sources */,
				91D3AF02210F80330082A328 /* EndOfGameViewController.swift in Sources */,
				915DE336211A49CD00705189 /* PlayerGroupsTableViewController.swift in Sources */,
				914ADC6721094CE7004A47AA /* MainGameController.swift in Sources */,
				917083EF210A84E50083870D /* TableViewCell.swift in Sources */,
				9125B91A2118B39D00E767D2 /* OldGameTableViewCell.swift in Sources */,
				91022FB92112761F00B5B64F /* StartNewGameController.swift in Sources */,
				9125B91D2118BC2B00E767D2 /* Date+convertToString.swift in Sources */,
				9161C9CF21065B5200858FD8 /* AppDelegate.swift in Sources */,
				915DE33C211DF89D00705189 /* RightSegue.swift in Sources */,
				9161C9D721065B5200858FD8 /* ScoreKeeper.xcdatamodeld in Sources */,
			);
			runOnlyForDeploymentPostprocessing = 0;
		};
/* End PBXSourcesBuildPhase section */

/* Begin PBXVariantGroup section */
		9161C9D221065B5200858FD8 /* Main.storyboard */ = {
			isa = PBXVariantGroup;
			children = (
				9161C9D321065B5200858FD8 /* Base */,
			);
			name = Main.storyboard;
			sourceTree = "<group>";
		};
		9161C9DA21065B5600858FD8 /* LaunchScreen.storyboard */ = {
			isa = PBXVariantGroup;
			children = (
				9161C9DB21065B5600858FD8 /* Base */,
			);
			name = LaunchScreen.storyboard;
			sourceTree = "<group>";
		};
/* End PBXVariantGroup section */

/* Begin XCBuildConfiguration section */
		9161C9DE21065B5600858FD8 /* Debug */ = {
			isa = XCBuildConfiguration;
			buildSettings = {
				ALWAYS_SEARCH_USER_PATHS = NO;
				CLANG_ANALYZER_NONNULL = YES;
				CLANG_ANALYZER_NUMBER_OBJECT_CONVERSION = YES_AGGRESSIVE;
				CLANG_CXX_LANGUAGE_STANDARD = "gnu++14";
				CLANG_CXX_LIBRARY = "libc++";
				CLANG_ENABLE_MODULES = YES;
				CLANG_ENABLE_OBJC_ARC = YES;
				CLANG_ENABLE_OBJC_WEAK = YES;
				CLANG_WARN_BLOCK_CAPTURE_AUTORELEASING = YES;
				CLANG_WARN_BOOL_CONVERSION = YES;
				CLANG_WARN_COMMA = YES;
				CLANG_WARN_CONSTANT_CONVERSION = YES;
				CLANG_WARN_DEPRECATED_OBJC_IMPLEMENTATIONS = YES;
				CLANG_WARN_DIRECT_OBJC_ISA_USAGE = YES_ERROR;
				CLANG_WARN_DOCUMENTATION_COMMENTS = YES;
				CLANG_WARN_EMPTY_BODY = YES;
				CLANG_WARN_ENUM_CONVERSION = YES;
				CLANG_WARN_INFINITE_RECURSION = YES;
				CLANG_WARN_INT_CONVERSION = YES;
				CLANG_WARN_NON_LITERAL_NULL_CONVERSION = YES;
				CLANG_WARN_OBJC_IMPLICIT_RETAIN_SELF = YES;
				CLANG_WARN_OBJC_LITERAL_CONVERSION = YES;
				CLANG_WARN_OBJC_ROOT_CLASS = YES_ERROR;
				CLANG_WARN_RANGE_LOOP_ANALYSIS = YES;
				CLANG_WARN_STRICT_PROTOTYPES = YES;
				CLANG_WARN_SUSPICIOUS_MOVE = YES;
				CLANG_WARN_UNGUARDED_AVAILABILITY = YES_AGGRESSIVE;
				CLANG_WARN_UNREACHABLE_CODE = YES;
				CLANG_WARN__DUPLICATE_METHOD_MATCH = YES;
				CODE_SIGN_IDENTITY = "iPhone Developer";
				COPY_PHASE_STRIP = NO;
				DEBUG_INFORMATION_FORMAT = dwarf;
				ENABLE_STRICT_OBJC_MSGSEND = YES;
				ENABLE_TESTABILITY = YES;
				GCC_C_LANGUAGE_STANDARD = gnu11;
				GCC_DYNAMIC_NO_PIC = NO;
				GCC_NO_COMMON_BLOCKS = YES;
				GCC_OPTIMIZATION_LEVEL = 0;
				GCC_PREPROCESSOR_DEFINITIONS = (
					"DEBUG=1",
					"$(inherited)",
				);
				GCC_WARN_64_TO_32_BIT_CONVERSION = YES;
				GCC_WARN_ABOUT_RETURN_TYPE = YES_ERROR;
				GCC_WARN_UNDECLARED_SELECTOR = YES;
				GCC_WARN_UNINITIALIZED_AUTOS = YES_AGGRESSIVE;
				GCC_WARN_UNUSED_FUNCTION = YES;
				GCC_WARN_UNUSED_VARIABLE = YES;
				IPHONEOS_DEPLOYMENT_TARGET = 11.4;
				MTL_ENABLE_DEBUG_INFO = YES;
				ONLY_ACTIVE_ARCH = YES;
				SDKROOT = iphoneos;
				SWIFT_ACTIVE_COMPILATION_CONDITIONS = DEBUG;
				SWIFT_OPTIMIZATION_LEVEL = "-Onone";
			};
			name = Debug;
		};
		9161C9DF21065B5600858FD8 /* Release */ = {
			isa = XCBuildConfiguration;
			buildSettings = {
				ALWAYS_SEARCH_USER_PATHS = NO;
				CLANG_ANALYZER_NONNULL = YES;
				CLANG_ANALYZER_NUMBER_OBJECT_CONVERSION = YES_AGGRESSIVE;
				CLANG_CXX_LANGUAGE_STANDARD = "gnu++14";
				CLANG_CXX_LIBRARY = "libc++";
				CLANG_ENABLE_MODULES = YES;
				CLANG_ENABLE_OBJC_ARC = YES;
				CLANG_ENABLE_OBJC_WEAK = YES;
				CLANG_WARN_BLOCK_CAPTURE_AUTORELEASING = YES;
				CLANG_WARN_BOOL_CONVERSION = YES;
				CLANG_WARN_COMMA = YES;
				CLANG_WARN_CONSTANT_CONVERSION = YES;
				CLANG_WARN_DEPRECATED_OBJC_IMPLEMENTATIONS = YES;
				CLANG_WARN_DIRECT_OBJC_ISA_USAGE = YES_ERROR;
				CLANG_WARN_DOCUMENTATION_COMMENTS = YES;
				CLANG_WARN_EMPTY_BODY = YES;
				CLANG_WARN_ENUM_CONVERSION = YES;
				CLANG_WARN_INFINITE_RECURSION = YES;
				CLANG_WARN_INT_CONVERSION = YES;
				CLANG_WARN_NON_LITERAL_NULL_CONVERSION = YES;
				CLANG_WARN_OBJC_IMPLICIT_RETAIN_SELF = YES;
				CLANG_WARN_OBJC_LITERAL_CONVERSION = YES;
				CLANG_WARN_OBJC_ROOT_CLASS = YES_ERROR;
				CLANG_WARN_RANGE_LOOP_ANALYSIS = YES;
				CLANG_WARN_STRICT_PROTOTYPES = YES;
				CLANG_WARN_SUSPICIOUS_MOVE = YES;
				CLANG_WARN_UNGUARDED_AVAILABILITY = YES_AGGRESSIVE;
				CLANG_WARN_UNREACHABLE_CODE = YES;
				CLANG_WARN__DUPLICATE_METHOD_MATCH = YES;
				CODE_SIGN_IDENTITY = "iPhone Developer";
				COPY_PHASE_STRIP = NO;
				DEBUG_INFORMATION_FORMAT = "dwarf-with-dsym";
				ENABLE_NS_ASSERTIONS = NO;
				ENABLE_STRICT_OBJC_MSGSEND = YES;
				GCC_C_LANGUAGE_STANDARD = gnu11;
				GCC_NO_COMMON_BLOCKS = YES;
				GCC_WARN_64_TO_32_BIT_CONVERSION = YES;
				GCC_WARN_ABOUT_RETURN_TYPE = YES_ERROR;
				GCC_WARN_UNDECLARED_SELECTOR = YES;
				GCC_WARN_UNINITIALIZED_AUTOS = YES_AGGRESSIVE;
				GCC_WARN_UNUSED_FUNCTION = YES;
				GCC_WARN_UNUSED_VARIABLE = YES;
				IPHONEOS_DEPLOYMENT_TARGET = 11.4;
				MTL_ENABLE_DEBUG_INFO = NO;
				SDKROOT = iphoneos;
				SWIFT_COMPILATION_MODE = wholemodule;
				SWIFT_OPTIMIZATION_LEVEL = "-O";
				VALIDATE_PRODUCT = YES;
			};
			name = Release;
		};
		9161C9E121065B5600858FD8 /* Debug */ = {
			isa = XCBuildConfiguration;
			buildSettings = {
				ASSETCATALOG_COMPILER_APPICON_NAME = AppIcon;
				CODE_SIGN_IDENTITY = "iPhone Developer";
				CODE_SIGN_STYLE = Automatic;
				DEVELOPMENT_TEAM = C378TMZW64;
				INFOPLIST_FILE = ScoreKeeper/Info.plist;
				LD_RUNPATH_SEARCH_PATHS = (
					"$(inherited)",
					"@executable_path/Frameworks",
				);
				PRODUCT_BUNDLE_IDENTIFIER = com.alizandro.ScoreKeeper;
				PRODUCT_NAME = "$(TARGET_NAME)";
				PROVISIONING_PROFILE_SPECIFIER = "";
				SWIFT_VERSION = 4.0;
				TARGETED_DEVICE_FAMILY = "1,2";
			};
			name = Debug;
		};
		9161C9E221065B5600858FD8 /* Release */ = {
			isa = XCBuildConfiguration;
			buildSettings = {
				ASSETCATALOG_COMPILER_APPICON_NAME = AppIcon;
				CODE_SIGN_IDENTITY = "iPhone Developer";
				CODE_SIGN_STYLE = Automatic;
				DEVELOPMENT_TEAM = C378TMZW64;
				INFOPLIST_FILE = ScoreKeeper/Info.plist;
				LD_RUNPATH_SEARCH_PATHS = (
					"$(inherited)",
					"@executable_path/Frameworks",
				);
				PRODUCT_BUNDLE_IDENTIFIER = com.alizandro.ScoreKeeper;
				PRODUCT_NAME = "$(TARGET_NAME)";
				PROVISIONING_PROFILE_SPECIFIER = "";
				SWIFT_VERSION = 4.0;
				TARGETED_DEVICE_FAMILY = "1,2";
			};
			name = Release;
		};
/* End XCBuildConfiguration section */

/* Begin XCConfigurationList section */
		9161C9C621065B5200858FD8 /* Build configuration list for PBXProject "ScoreKeeper" */ = {
			isa = XCConfigurationList;
			buildConfigurations = (
				9161C9DE21065B5600858FD8 /* Debug */,
				9161C9DF21065B5600858FD8 /* Release */,
			);
			defaultConfigurationIsVisible = 0;
			defaultConfigurationName = Release;
		};
		9161C9E021065B5600858FD8 /* Build configuration list for PBXNativeTarget "ScoreKeeper" */ = {
			isa = XCConfigurationList;
			buildConfigurations = (
				9161C9E121065B5600858FD8 /* Debug */,
				9161C9E221065B5600858FD8 /* Release */,
			);
			defaultConfigurationIsVisible = 0;
			defaultConfigurationName = Release;
		};
/* End XCConfigurationList section */

/* Begin XCVersionGroup section */
		9161C9D521065B5200858FD8 /* ScoreKeeper.xcdatamodeld */ = {
			isa = XCVersionGroup;
			children = (
				9161C9D621065B5200858FD8 /* ScoreKeeper.xcdatamodel */,
			);
			currentVersion = 9161C9D621065B5200858FD8 /* ScoreKeeper.xcdatamodel */;
			path = ScoreKeeper.xcdatamodeld;
			sourceTree = "<group>";
			versionGroupType = wrapper.xcdatamodel;
		};
/* End XCVersionGroup section */
	};
	rootObject = 9161C9C321065B5200858FD8 /* Project object */;
}
